
Microsoft Visual Studio Solution File, Format Version 12.00
# Visual Studio Version 17
VisualStudioVersion = 17.0.31815.197
MinimumVisualStudioVersion = 10.0.40219.1
Project("{2150E333-8FDC-42A3-9474-1A3956D46DE8}") = "Web", "Web", "{C46C5A39-907E-4B8A-A60F-D42543D3BC79}"
EndProject
Project("{2150E333-8FDC-42A3-9474-1A3956D46DE8}") = "Core", "Core", "{7602C67F-D5B7-4393-B286-E408D9F422D7}"
EndProject
Project("{9A19103F-16F7-4668-BE54-9A1E7A4F7556}") = "CCDto.application", "src\Core\CCDto.application\CCDto.application.csproj", "{DB064E25-4AF4-4323-8BCA-4036773A6310}"
EndProject
Project("{9A19103F-16F7-4668-BE54-9A1E7A4F7556}") = "CCDto.entity", "src\Core\CCDto.entity\CCDto.entity.csproj", "{E8BF5C2B-3F0C-44DD-92F6-AD21AFE53D81}"
EndProject
Project("{9A19103F-16F7-4668-BE54-9A1E7A4F7556}") = "CCDto.common", "src\Core\CCDto.common\CCDto.common.csproj", "{64F3163A-D2B8-4D7E-9414-E5F0471A19E3}"
EndProject
Project("{9A19103F-16F7-4668-BE54-9A1E7A4F7556}") = "CCDto.Web", "src\Web\CCDto.Web\CCDto.Web.csproj", "{17CB1C96-0DF0-45CE-B8A0-AE8BC9A19F61}"
EndProject
Project("{2150E333-8FDC-42A3-9474-1A3956D46DE8}") = "Gateway", "Gateway", "{5EA5D467-7813-473F-9542-B5FCB948516D}"
EndProject
Project("{2150E333-8FDC-42A3-9474-1A3956D46DE8}") = "Api", "Api", "{0EA8CDE6-7BD8-4EC5-9891-88FE3B7F9AEF}"
EndProject
Project("{2150E333-8FDC-42A3-9474-1A3956D46DE8}") = "DbConnecion", "DbConnecion", "{3CCDD516-ECD6-465D-98B4-BAF402BB40D8}"
EndProject
Project("{FAE04EC0-301F-11D3-BF4B-00C04F79EFBC}") = "api.dbconnecion.application", "src\Api\DBConneciton\application\api.dbconnecion.application.csproj", "{E643FAA5-3A47-416D-98C2-D421B5C790EB}"
EndProject
Project("{FAE04EC0-301F-11D3-BF4B-00C04F79EFBC}") = "api.dbconnecion.entity", "src\Api\DBConneciton\entity\api.dbconnecion.entity.csproj", "{98EA2FD0-2C7B-4253-867E-77A76A635D56}"
EndProject
Project("{2150E333-8FDC-42A3-9474-1A3956D46DE8}") = "DbTable", "DbTable", "{CBFF0500-C994-435D-B148-1B85CCF75522}"
EndProject
Project("{FAE04EC0-301F-11D3-BF4B-00C04F79EFBC}") = "api.dbtable.application", "src\Api\DBTable\application\api.dbtable.application.csproj", "{703CC424-1C91-473D-B45D-7837FE5A0502}"
EndProject
Project("{FAE04EC0-301F-11D3-BF4B-00C04F79EFBC}") = "api.dbtable.entity", "src\Api\DBTable\entity\api.dbtable.entity.csproj", "{99E28C17-21DC-45A0-883E-7B50BC4B8D41}"
EndProject
Project("{2150E333-8FDC-42A3-9474-1A3956D46DE8}") = "DBField", "DBField", "{5920CAC8-5A05-4A88-A08D-948C8CB29C5B}"
EndProject
Project("{FAE04EC0-301F-11D3-BF4B-00C04F79EFBC}") = "api.dbfield.application", "src\Api\DBField\application\api.dbfield.application.csproj", "{B7347F94-4EB5-4BEB-B37B-39B031389894}"
EndProject
Project("{FAE04EC0-301F-11D3-BF4B-00C04F79EFBC}") = "api.dbfield.entity", "src\Api\DBField\entity\api.dbfield.entity.csproj", "{A9164272-1BCD-4692-9E23-3E350C740136}"
EndProject
Global
	GlobalSection(SolutionConfigurationPlatforms) = preSolution
		Debug|Any CPU = Debug|Any CPU
		Release|Any CPU = Release|Any CPU
	EndGlobalSection
	GlobalSection(ProjectConfigurationPlatforms) = postSolution
		{DB064E25-4AF4-4323-8BCA-4036773A6310}.Debug|Any CPU.ActiveCfg = Debug|Any CPU
		{DB064E25-4AF4-4323-8BCA-4036773A6310}.Debug|Any CPU.Build.0 = Debug|Any CPU
		{DB064E25-4AF4-4323-8BCA-4036773A6310}.Release|Any CPU.ActiveCfg = Release|Any CPU
		{DB064E25-4AF4-4323-8BCA-4036773A6310}.Release|Any CPU.Build.0 = Release|Any CPU
		{E8BF5C2B-3F0C-44DD-92F6-AD21AFE53D81}.Debug|Any CPU.ActiveCfg = Debug|Any CPU
		{E8BF5C2B-3F0C-44DD-92F6-AD21AFE53D81}.Debug|Any CPU.Build.0 = Debug|Any CPU
		{E8BF5C2B-3F0C-44DD-92F6-AD21AFE53D81}.Release|Any CPU.ActiveCfg = Release|Any CPU
		{E8BF5C2B-3F0C-44DD-92F6-AD21AFE53D81}.Release|Any CPU.Build.0 = Release|Any CPU
		{64F3163A-D2B8-4D7E-9414-E5F0471A19E3}.Debug|Any CPU.ActiveCfg = Debug|Any CPU
		{64F3163A-D2B8-4D7E-9414-E5F0471A19E3}.Debug|Any CPU.Build.0 = Debug|Any CPU
		{64F3163A-D2B8-4D7E-9414-E5F0471A19E3}.Release|Any CPU.ActiveCfg = Release|Any CPU
		{64F3163A-D2B8-4D7E-9414-E5F0471A19E3}.Release|Any CPU.Build.0 = Release|Any CPU
		{17CB1C96-0DF0-45CE-B8A0-AE8BC9A19F61}.Debug|Any CPU.ActiveCfg = Debug|Any CPU
		{17CB1C96-0DF0-45CE-B8A0-AE8BC9A19F61}.Debug|Any CPU.Build.0 = Debug|Any CPU
		{17CB1C96-0DF0-45CE-B8A0-AE8BC9A19F61}.Release|Any CPU.ActiveCfg = Release|Any CPU
		{17CB1C96-0DF0-45CE-B8A0-AE8BC9A19F61}.Release|Any CPU.Build.0 = Release|Any CPU
		{E643FAA5-3A47-416D-98C2-D421B5C790EB}.Debug|Any CPU.ActiveCfg = Debug|Any CPU
		{E643FAA5-3A47-416D-98C2-D421B5C790EB}.Debug|Any CPU.Build.0 = Debug|Any CPU
		{E643FAA5-3A47-416D-98C2-D421B5C790EB}.Release|Any CPU.ActiveCfg = Release|Any CPU
		{E643FAA5-3A47-416D-98C2-D421B5C790EB}.Release|Any CPU.Build.0 = Release|Any CPU
		{98EA2FD0-2C7B-4253-867E-77A76A635D56}.Debug|Any CPU.ActiveCfg = Debug|Any CPU
		{98EA2FD0-2C7B-4253-867E-77A76A635D56}.Debug|Any CPU.Build.0 = Debug|Any CPU
		{98EA2FD0-2C7B-4253-867E-77A76A635D56}.Release|Any CPU.ActiveCfg = Release|Any CPU
		{98EA2FD0-2C7B-4253-867E-77A76A635D56}.Release|Any CPU.Build.0 = Release|Any CPU
		{703CC424-1C91-473D-B45D-7837FE5A0502}.Debug|Any CPU.ActiveCfg = Debug|Any CPU
		{703CC424-1C91-473D-B45D-7837FE5A0502}.Debug|Any CPU.Build.0 = Debug|Any CPU
		{703CC424-1C91-473D-B45D-7837FE5A0502}.Release|Any CPU.ActiveCfg = Release|Any CPU
		{703CC424-1C91-473D-B45D-7837FE5A0502}.Release|Any CPU.Build.0 = Release|Any CPU
		{99E28C17-21DC-45A0-883E-7B50BC4B8D41}.Debug|Any CPU.ActiveCfg = Debug|Any CPU
		{99E28C17-21DC-45A0-883E-7B50BC4B8D41}.Debug|Any CPU.Build.0 = Debug|Any CPU
		{99E28C17-21DC-45A0-883E-7B50BC4B8D41}.Release|Any CPU.ActiveCfg = Release|Any CPU
		{99E28C17-21DC-45A0-883E-7B50BC4B8D41}.Release|Any CPU.Build.0 = Release|Any CPU
		{B7347F94-4EB5-4BEB-B37B-39B031389894}.Debug|Any CPU.ActiveCfg = Debug|Any CPU
		{B7347F94-4EB5-4BEB-B37B-39B031389894}.Debug|Any CPU.Build.0 = Debug|Any CPU
		{B7347F94-4EB5-4BEB-B37B-39B031389894}.Release|Any CPU.ActiveCfg = Release|Any CPU
		{B7347F94-4EB5-4BEB-B37B-39B031389894}.Release|Any CPU.Build.0 = Release|Any CPU
		{A9164272-1BCD-4692-9E23-3E350C740136}.Debug|Any CPU.ActiveCfg = Debug|Any CPU
		{A9164272-1BCD-4692-9E23-3E350C740136}.Debug|Any CPU.Build.0 = Debug|Any CPU
		{A9164272-1BCD-4692-9E23-3E350C740136}.Release|Any CPU.ActiveCfg = Release|Any CPU
		{A9164272-1BCD-4692-9E23-3E350C740136}.Release|Any CPU.Build.0 = Release|Any CPU
	EndGlobalSection
	GlobalSection(SolutionProperties) = preSolution
		HideSolutionNode = FALSE
	EndGlobalSection
	GlobalSection(NestedProjects) = preSolution
		{DB064E25-4AF4-4323-8BCA-4036773A6310} = {7602C67F-D5B7-4393-B286-E408D9F422D7}
		{E8BF5C2B-3F0C-44DD-92F6-AD21AFE53D81} = {7602C67F-D5B7-4393-B286-E408D9F422D7}
		{64F3163A-D2B8-4D7E-9414-E5F0471A19E3} = {7602C67F-D5B7-4393-B286-E408D9F422D7}
		{17CB1C96-0DF0-45CE-B8A0-AE8BC9A19F61} = {C46C5A39-907E-4B8A-A60F-D42543D3BC79}
		{3CCDD516-ECD6-465D-98B4-BAF402BB40D8} = {0EA8CDE6-7BD8-4EC5-9891-88FE3B7F9AEF}
		{E643FAA5-3A47-416D-98C2-D421B5C790EB} = {3CCDD516-ECD6-465D-98B4-BAF402BB40D8}
		{98EA2FD0-2C7B-4253-867E-77A76A635D56} = {3CCDD516-ECD6-465D-98B4-BAF402BB40D8}
		{CBFF0500-C994-435D-B148-1B85CCF75522} = {0EA8CDE6-7BD8-4EC5-9891-88FE3B7F9AEF}
		{703CC424-1C91-473D-B45D-7837FE5A0502} = {CBFF0500-C994-435D-B148-1B85CCF75522}
		{99E28C17-21DC-45A0-883E-7B50BC4B8D41} = {CBFF0500-C994-435D-B148-1B85CCF75522}
		{5920CAC8-5A05-4A88-A08D-948C8CB29C5B} = {0EA8CDE6-7BD8-4EC5-9891-88FE3B7F9AEF}
		{B7347F94-4EB5-4BEB-B37B-39B031389894} = {5920CAC8-5A05-4A88-A08D-948C8CB29C5B}
		{A9164272-1BCD-4692-9E23-3E350C740136} = {5920CAC8-5A05-4A88-A08D-948C8CB29C5B}
	EndGlobalSection
	GlobalSection(ExtensibilityGlobals) = postSolution
		SolutionGuid = {0C186FEB-906C-40AB-A5DE-BDA42B2AA7F5}
	EndGlobalSection
EndGlobal
