
Microsoft Visual Studio Solution File, Format Version 12.00
# Visual Studio Version 17
VisualStudioVersion = 17.0.31815.197
MinimumVisualStudioVersion = 10.0.40219.1
Project("{2150E333-8FDC-42A3-9474-1A3956D46DE8}") = "CCDto", "CCDto", "{7602C67F-D5B7-4393-B286-E408D9F422D7}"
EndProject
Project("{2150E333-8FDC-42A3-9474-1A3956D46DE8}") = "Gateway", "Gateway", "{5EA5D467-7813-473F-9542-B5FCB948516D}"
EndProject
Project("{2150E333-8FDC-42A3-9474-1A3956D46DE8}") = "Services", "Services", "{0EA8CDE6-7BD8-4EC5-9891-88FE3B7F9AEF}"
EndProject
Project("{2150E333-8FDC-42A3-9474-1A3956D46DE8}") = "DbConnecion", "DbConnecion", "{3CCDD516-ECD6-465D-98B4-BAF402BB40D8}"
EndProject
Project("{2150E333-8FDC-42A3-9474-1A3956D46DE8}") = "DbTable", "DbTable", "{CBFF0500-C994-435D-B148-1B85CCF75522}"
EndProject
Project("{2150E333-8FDC-42A3-9474-1A3956D46DE8}") = "DBField", "DBField", "{5920CAC8-5A05-4A88-A08D-948C8CB29C5B}"
EndProject
Project("{9A19103F-16F7-4668-BE54-9A1E7A4F7556}") = "api.dbconnecion.application", "src\Services\DBConneciton\application\api.dbconnecion.application.csproj", "{C10E33C0-E34F-4DF5-B3DE-B71BDAB9F666}"
EndProject
Project("{9A19103F-16F7-4668-BE54-9A1E7A4F7556}") = "api.dbconnecion.entity", "src\Services\DBConneciton\entity\api.dbconnecion.entity.csproj", "{5F5A8DBC-3495-4C5A-9B8B-CD7F32B6CAE0}"
EndProject
Project("{9A19103F-16F7-4668-BE54-9A1E7A4F7556}") = "api.dbfield.application", "src\Services\DBField\application\api.dbfield.application.csproj", "{FD50D073-475C-427E-A342-4E5FDA4433E8}"
EndProject
Project("{9A19103F-16F7-4668-BE54-9A1E7A4F7556}") = "api.dbfield.entity", "src\Services\DBField\entity\api.dbfield.entity.csproj", "{95B5267B-620D-41F0-A0CB-10FE82E6A371}"
EndProject
Project("{9A19103F-16F7-4668-BE54-9A1E7A4F7556}") = "api.dbtable.application", "src\Services\DBTable\application\api.dbtable.application.csproj", "{3CBDD004-8384-4D61-99A8-868C4CD12C25}"
EndProject
Project("{9A19103F-16F7-4668-BE54-9A1E7A4F7556}") = "api.dbtable.entity", "src\Services\DBTable\entity\api.dbtable.entity.csproj", "{1605B807-AE24-4ABA-8CF0-CF11DDE04EFD}"
EndProject
Project("{9A19103F-16F7-4668-BE54-9A1E7A4F7556}") = "CCDto.Common", "src\CCDto\CCDto.Common\CCDto.Common.csproj", "{F71008BE-372A-43B7-8AA0-FD31EA0297FA}"
EndProject
Project("{9A19103F-16F7-4668-BE54-9A1E7A4F7556}") = "CCDto.Entity", "src\CCDto\CCDto.Entity\CCDto.Entity.csproj", "{2827615B-CC25-495F-8E00-AACAA69E779B}"
EndProject
Project("{9A19103F-16F7-4668-BE54-9A1E7A4F7556}") = "CCDto.Module", "src\CCDto\CCDto.Module\CCDto.Module.csproj", "{0492F19B-EA98-4FAB-B98A-A0365AFBAA68}"
EndProject
Project("{9A19103F-16F7-4668-BE54-9A1E7A4F7556}") = "CCDto.Service", "src\CCDto\CCDto.Service\CCDto.Service.csproj", "{EDEF6647-E682-4BEE-B928-568B56910192}"
EndProject
Project("{2150E333-8FDC-42A3-9474-1A3956D46DE8}") = "DispatchProxyDemo", "DispatchProxyDemo", "{02EA681E-C7D8-13C7-8484-4AC65E1B71E8}"
EndProject
Project("{FAE04EC0-301F-11D3-BF4B-00C04F79EFBC}") = "DispatchProxyDemo.Proxy", "src\DispatchProxyDemo.Proxy\DispatchProxyDemo.Proxy.csproj", "{4EEA90A9-B8C6-6CDC-7C48-700475B75513}"
EndProject
Project("{FAE04EC0-301F-11D3-BF4B-00C04F79EFBC}") = "DispatchProxyDemo.Aggregator", "src\DispatchProxyDemo.Aggregator\DispatchProxyDemo.Aggregator.csproj", "{413B34DF-CF82-0FFF-404C-1AF6B291B300}"
EndProject
Project("{FAE04EC0-301F-11D3-BF4B-00C04F79EFBC}") = "DispatchProxyDemo.Api.DBConnection", "src\DispatchProxyDemo.Api.DBConnection\DispatchProxyDemo.Api.DBConnection.csproj", "{C7BD524B-85C0-DAC1-5B90-15E45E617712}"
EndProject
Global
	GlobalSection(SolutionConfigurationPlatforms) = preSolution
		Debug|Any CPU = Debug|Any CPU
		Release|Any CPU = Release|Any CPU
	EndGlobalSection
	GlobalSection(ProjectConfigurationPlatforms) = postSolution
		{C10E33C0-E34F-4DF5-B3DE-B71BDAB9F666}.Debug|Any CPU.ActiveCfg = Debug|Any CPU
		{C10E33C0-E34F-4DF5-B3DE-B71BDAB9F666}.Debug|Any CPU.Build.0 = Debug|Any CPU
		{C10E33C0-E34F-4DF5-B3DE-B71BDAB9F666}.Release|Any CPU.ActiveCfg = Release|Any CPU
		{C10E33C0-E34F-4DF5-B3DE-B71BDAB9F666}.Release|Any CPU.Build.0 = Release|Any CPU
		{5F5A8DBC-3495-4C5A-9B8B-CD7F32B6CAE0}.Debug|Any CPU.ActiveCfg = Debug|Any CPU
		{5F5A8DBC-3495-4C5A-9B8B-CD7F32B6CAE0}.Debug|Any CPU.Build.0 = Debug|Any CPU
		{5F5A8DBC-3495-4C5A-9B8B-CD7F32B6CAE0}.Release|Any CPU.ActiveCfg = Release|Any CPU
		{5F5A8DBC-3495-4C5A-9B8B-CD7F32B6CAE0}.Release|Any CPU.Build.0 = Release|Any CPU
		{FD50D073-475C-427E-A342-4E5FDA4433E8}.Debug|Any CPU.ActiveCfg = Debug|Any CPU
		{FD50D073-475C-427E-A342-4E5FDA4433E8}.Debug|Any CPU.Build.0 = Debug|Any CPU
		{FD50D073-475C-427E-A342-4E5FDA4433E8}.Release|Any CPU.ActiveCfg = Release|Any CPU
		{FD50D073-475C-427E-A342-4E5FDA4433E8}.Release|Any CPU.Build.0 = Release|Any CPU
		{95B5267B-620D-41F0-A0CB-10FE82E6A371}.Debug|Any CPU.ActiveCfg = Debug|Any CPU
		{95B5267B-620D-41F0-A0CB-10FE82E6A371}.Debug|Any CPU.Build.0 = Debug|Any CPU
		{95B5267B-620D-41F0-A0CB-10FE82E6A371}.Release|Any CPU.ActiveCfg = Release|Any CPU
		{95B5267B-620D-41F0-A0CB-10FE82E6A371}.Release|Any CPU.Build.0 = Release|Any CPU
		{3CBDD004-8384-4D61-99A8-868C4CD12C25}.Debug|Any CPU.ActiveCfg = Debug|Any CPU
		{3CBDD004-8384-4D61-99A8-868C4CD12C25}.Debug|Any CPU.Build.0 = Debug|Any CPU
		{3CBDD004-8384-4D61-99A8-868C4CD12C25}.Release|Any CPU.ActiveCfg = Release|Any CPU
		{3CBDD004-8384-4D61-99A8-868C4CD12C25}.Release|Any CPU.Build.0 = Release|Any CPU
		{1605B807-AE24-4ABA-8CF0-CF11DDE04EFD}.Debug|Any CPU.ActiveCfg = Debug|Any CPU
		{1605B807-AE24-4ABA-8CF0-CF11DDE04EFD}.Debug|Any CPU.Build.0 = Debug|Any CPU
		{1605B807-AE24-4ABA-8CF0-CF11DDE04EFD}.Release|Any CPU.ActiveCfg = Release|Any CPU
		{1605B807-AE24-4ABA-8CF0-CF11DDE04EFD}.Release|Any CPU.Build.0 = Release|Any CPU
		{F71008BE-372A-43B7-8AA0-FD31EA0297FA}.Debug|Any CPU.ActiveCfg = Debug|Any CPU
		{F71008BE-372A-43B7-8AA0-FD31EA0297FA}.Debug|Any CPU.Build.0 = Debug|Any CPU
		{F71008BE-372A-43B7-8AA0-FD31EA0297FA}.Release|Any CPU.ActiveCfg = Release|Any CPU
		{F71008BE-372A-43B7-8AA0-FD31EA0297FA}.Release|Any CPU.Build.0 = Release|Any CPU
		{2827615B-CC25-495F-8E00-AACAA69E779B}.Debug|Any CPU.ActiveCfg = Debug|Any CPU
		{2827615B-CC25-495F-8E00-AACAA69E779B}.Debug|Any CPU.Build.0 = Debug|Any CPU
		{2827615B-CC25-495F-8E00-AACAA69E779B}.Release|Any CPU.ActiveCfg = Release|Any CPU
		{2827615B-CC25-495F-8E00-AACAA69E779B}.Release|Any CPU.Build.0 = Release|Any CPU
		{0492F19B-EA98-4FAB-B98A-A0365AFBAA68}.Debug|Any CPU.ActiveCfg = Debug|Any CPU
		{0492F19B-EA98-4FAB-B98A-A0365AFBAA68}.Debug|Any CPU.Build.0 = Debug|Any CPU
		{0492F19B-EA98-4FAB-B98A-A0365AFBAA68}.Release|Any CPU.ActiveCfg = Release|Any CPU
		{0492F19B-EA98-4FAB-B98A-A0365AFBAA68}.Release|Any CPU.Build.0 = Release|Any CPU
		{EDEF6647-E682-4BEE-B928-568B56910192}.Debug|Any CPU.ActiveCfg = Debug|Any CPU
		{EDEF6647-E682-4BEE-B928-568B56910192}.Debug|Any CPU.Build.0 = Debug|Any CPU
		{EDEF6647-E682-4BEE-B928-568B56910192}.Release|Any CPU.ActiveCfg = Release|Any CPU
		{EDEF6647-E682-4BEE-B928-568B56910192}.Release|Any CPU.Build.0 = Release|Any CPU
		{4EEA90A9-B8C6-6CDC-7C48-700475B75513}.Debug|Any CPU.ActiveCfg = Debug|Any CPU
		{4EEA90A9-B8C6-6CDC-7C48-700475B75513}.Debug|Any CPU.Build.0 = Debug|Any CPU
		{4EEA90A9-B8C6-6CDC-7C48-700475B75513}.Release|Any CPU.ActiveCfg = Release|Any CPU
		{4EEA90A9-B8C6-6CDC-7C48-700475B75513}.Release|Any CPU.Build.0 = Release|Any CPU
		{413B34DF-CF82-0FFF-404C-1AF6B291B300}.Debug|Any CPU.ActiveCfg = Debug|Any CPU
		{413B34DF-CF82-0FFF-404C-1AF6B291B300}.Debug|Any CPU.Build.0 = Debug|Any CPU
		{413B34DF-CF82-0FFF-404C-1AF6B291B300}.Release|Any CPU.ActiveCfg = Release|Any CPU
		{413B34DF-CF82-0FFF-404C-1AF6B291B300}.Release|Any CPU.Build.0 = Release|Any CPU
		{C7BD524B-85C0-DAC1-5B90-15E45E617712}.Debug|Any CPU.ActiveCfg = Debug|Any CPU
		{C7BD524B-85C0-DAC1-5B90-15E45E617712}.Debug|Any CPU.Build.0 = Debug|Any CPU
		{C7BD524B-85C0-DAC1-5B90-15E45E617712}.Release|Any CPU.ActiveCfg = Release|Any CPU
		{C7BD524B-85C0-DAC1-5B90-15E45E617712}.Release|Any CPU.Build.0 = Release|Any CPU
	EndGlobalSection
	GlobalSection(SolutionProperties) = preSolution
		HideSolutionNode = FALSE
	EndGlobalSection
	GlobalSection(NestedProjects) = preSolution
		{3CCDD516-ECD6-465D-98B4-BAF402BB40D8} = {0EA8CDE6-7BD8-4EC5-9891-88FE3B7F9AEF}
		{CBFF0500-C994-435D-B148-1B85CCF75522} = {0EA8CDE6-7BD8-4EC5-9891-88FE3B7F9AEF}
		{5920CAC8-5A05-4A88-A08D-948C8CB29C5B} = {0EA8CDE6-7BD8-4EC5-9891-88FE3B7F9AEF}
		{C10E33C0-E34F-4DF5-B3DE-B71BDAB9F666} = {3CCDD516-ECD6-465D-98B4-BAF402BB40D8}
		{5F5A8DBC-3495-4C5A-9B8B-CD7F32B6CAE0} = {3CCDD516-ECD6-465D-98B4-BAF402BB40D8}
		{FD50D073-475C-427E-A342-4E5FDA4433E8} = {5920CAC8-5A05-4A88-A08D-948C8CB29C5B}
		{95B5267B-620D-41F0-A0CB-10FE82E6A371} = {5920CAC8-5A05-4A88-A08D-948C8CB29C5B}
		{3CBDD004-8384-4D61-99A8-868C4CD12C25} = {CBFF0500-C994-435D-B148-1B85CCF75522}
		{1605B807-AE24-4ABA-8CF0-CF11DDE04EFD} = {CBFF0500-C994-435D-B148-1B85CCF75522}
		{F71008BE-372A-43B7-8AA0-FD31EA0297FA} = {7602C67F-D5B7-4393-B286-E408D9F422D7}
		{2827615B-CC25-495F-8E00-AACAA69E779B} = {7602C67F-D5B7-4393-B286-E408D9F422D7}
		{0492F19B-EA98-4FAB-B98A-A0365AFBAA68} = {7602C67F-D5B7-4393-B286-E408D9F422D7}
		{EDEF6647-E682-4BEE-B928-568B56910192} = {7602C67F-D5B7-4393-B286-E408D9F422D7}
		{4EEA90A9-B8C6-6CDC-7C48-700475B75513} = {02EA681E-C7D8-13C7-8484-4AC65E1B71E8}
		{413B34DF-CF82-0FFF-404C-1AF6B291B300} = {02EA681E-C7D8-13C7-8484-4AC65E1B71E8}
		{C7BD524B-85C0-DAC1-5B90-15E45E617712} = {0EA8CDE6-7BD8-4EC5-9891-88FE3B7F9AEF}
	EndGlobalSection
	GlobalSection(ExtensibilityGlobals) = postSolution
		SolutionGuid = {0C186FEB-906C-40AB-A5DE-BDA42B2AA7F5}
	EndGlobalSection
EndGlobal
